
Microsoft Visual Studio Solution File, Format Version 12.00
# Visual Studio Version 17
VisualStudioVersion = 17.11.35303.130
MinimumVisualStudioVersion = 10.0.40219.1
Project("{FAE04EC0-301F-11D3-BF4B-00C04F79EFBC}") = "CestaDeCompra", "CestaDeCompra\CestaDeCompra.csproj", "{249C44C4-3358-4BCD-98E4-F0715BBF2F3E}"
EndProject
Global
	GlobalSection(SolutionConfigurationPlatforms) = preSolution
		Debug|Any CPU = Debug|Any CPU
		Release|Any CPU = Release|Any CPU
	EndGlobalSection
	GlobalSection(ProjectConfigurationPlatforms) = postSolution
		{249C44C4-3358-4BCD-98E4-F0715BBF2F3E}.Debug|Any CPU.ActiveCfg = Debug|Any CPU
		{249C44C4-3358-4BCD-98E4-F0715BBF2F3E}.Debug|Any CPU.Build.0 = Debug|Any CPU
		{249C44C4-3358-4BCD-98E4-F0715BBF2F3E}.Release|Any CPU.ActiveCfg = Release|Any CPU
		{249C44C4-3358-4BCD-98E4-F0715BBF2F3E}.Release|Any CPU.Build.0 = Release|Any CPU
	EndGlobalSection
	GlobalSection(SolutionProperties) = preSolution
		HideSolutionNode = FALSE
	EndGlobalSection
	GlobalSection(ExtensibilityGlobals) = postSolution
		SolutionGuid = {A0A335A1-AE5A-4063-99F5-F017F6670665}
	EndGlobalSection
EndGlobal
